# THIS IS AN AUTOGENERATED FILE. DO NOT EDIT THIS FILE DIRECTLY.
# yarn lockfile v1


"@prisma/cli@^2.0.0-beta.2":
  version "2.0.0-beta.2"
  resolved "https://registry.yarnpkg.com/@prisma/cli/-/cli-2.0.0-beta.2.tgz#5252cbe458fd7de479a6697ab5cffd1659a5762c"
  integrity sha512-lD0cv/YC4g4SKByxH3hvzX1oS9cjRdCDU1Sh2inATaKcTHWPlxxgXQW4yYU2FF/HSWR9KK6YMAdO3ShkOl1PEQ==

"@prisma/client@^2.0.0-beta.2":
  version "2.0.0-beta.2"
  resolved "https://registry.yarnpkg.com/@prisma/client/-/client-2.0.0-beta.2.tgz#dd7b357f65e8100cd6cc1b610d848b72217640bb"
  integrity sha512-VhNYeeGTrFfLjB/JL7XPoWpxSTCb+YV+F3ggR1X0CGa4b/u6Kxy65aElLozs+yFdMQPVNkyg2PwUO8xQ7G9fpg==

"@types/node@^13.13.0":
  version "13.13.0"
  resolved "https://registry.yarnpkg.com/@types/node/-/node-13.13.0.tgz#30d2d09f623fe32cde9cb582c7a6eda2788ce4a8"
  integrity sha512-WE4IOAC6r/yBZss1oQGM5zs2D7RuKR6Q+w+X2SouPofnWn+LbCqClRyhO3ZE7Ix8nmFgo/oVuuE01cJT2XB13A==

typescript@^3.8.3:
  version "3.8.3"
  resolved "https://registry.yarnpkg.com/typescript/-/typescript-3.8.3.tgz#409eb8544ea0335711205869ec458ab109ee1061"
  integrity sha512-MYlEfn5VrLNsgudQTVJeNaQFUAI7DkhnOjdpAp4T+ku1TfQClewlbSuTVHiA+8skNBgaf02TL/kLOvig4y3G8w==
